// !$*UTF8*$!
{
	archiveVersion = 1;
	classes = {
	};
	objectVersion = 51;
	objects = {

/* Begin PBXBuildFile section */
		5885E512C3D5AB423C34D225 /* Pods_S_Life.framework in Frameworks */ = {isa = PBXBuildFile; fileRef = 6A499B7645C492E338471A49 /* Pods_S_Life.framework */; };
		F742C2CB26BBFE1B001F6DC5 /* S-Life.xcdatamodeld in Sources */ = {isa = PBXBuildFile; fileRef = F742C2C926BBFE1B001F6DC5 /* S-Life.xcdatamodeld */; };
		F79173F826B854B700E7DDCB /* AppDelegate.swift in Sources */ = {isa = PBXBuildFile; fileRef = F79173F726B854B700E7DDCB /* AppDelegate.swift */; };
		F79173FC26B854B700E7DDCB /* ViewController.swift in Sources */ = {isa = PBXBuildFile; fileRef = F79173FB26B854B700E7DDCB /* ViewController.swift */; };
		F79173FF26B854B700E7DDCB /* Main.storyboard in Resources */ = {isa = PBXBuildFile; fileRef = F79173FD26B854B700E7DDCB /* Main.storyboard */; };
		F791740126B854B800E7DDCB /* Assets.xcassets in Resources */ = {isa = PBXBuildFile; fileRef = F791740026B854B800E7DDCB /* Assets.xcassets */; };
		F791740426B854B800E7DDCB /* LaunchScreen.storyboard in Resources */ = {isa = PBXBuildFile; fileRef = F791740226B854B800E7DDCB /* LaunchScreen.storyboard */; };
/* End PBXBuildFile section */

/* Begin PBXFileReference section */
		30C49C689268D730FC6C66D2 /* Pods-S-Life.release.xcconfig */ = {isa = PBXFileReference; includeInIndex = 1; lastKnownFileType = text.xcconfig; name = "Pods-S-Life.release.xcconfig"; path = "Target Support Files/Pods-S-Life/Pods-S-Life.release.xcconfig"; sourceTree = "<group>"; };
		6A499B7645C492E338471A49 /* Pods_S_Life.framework */ = {isa = PBXFileReference; explicitFileType = wrapper.framework; includeInIndex = 0; path = Pods_S_Life.framework; sourceTree = BUILT_PRODUCTS_DIR; };
		ECC9EFED3F9F77BDD5190B3C /* Pods-S-Life.debug.xcconfig */ = {isa = PBXFileReference; includeInIndex = 1; lastKnownFileType = text.xcconfig; name = "Pods-S-Life.debug.xcconfig"; path = "Target Support Files/Pods-S-Life/Pods-S-Life.debug.xcconfig"; sourceTree = "<group>"; };
		F742C2CA26BBFE1B001F6DC5 /* S-Life.xcdatamodel */ = {isa = PBXFileReference; lastKnownFileType = wrapper.xcdatamodel; path = "S-Life.xcdatamodel"; sourceTree = "<group>"; };
		F79173F426B854B700E7DDCB /* S-Life.app */ = {isa = PBXFileReference; explicitFileType = wrapper.application; includeInIndex = 0; path = "S-Life.app"; sourceTree = BUILT_PRODUCTS_DIR; };
		F79173F726B854B700E7DDCB /* AppDelegate.swift */ = {isa = PBXFileReference; lastKnownFileType = sourcecode.swift; path = AppDelegate.swift; sourceTree = "<group>"; };
		F79173FB26B854B700E7DDCB /* ViewController.swift */ = {isa = PBXFileReference; lastKnownFileType = sourcecode.swift; path = ViewController.swift; sourceTree = "<group>"; };
		F79173FE26B854B700E7DDCB /* Base */ = {isa = PBXFileReference; lastKnownFileType = file.storyboard; name = Base; path = Base.lproj/Main.storyboard; sourceTree = "<group>"; };
		F791740026B854B800E7DDCB /* Assets.xcassets */ = {isa = PBXFileReference; lastKnownFileType = folder.assetcatalog; path = Assets.xcassets; sourceTree = "<group>"; };
		F791740326B854B800E7DDCB /* Base */ = {isa = PBXFileReference; lastKnownFileType = file.storyboard; name = Base; path = Base.lproj/LaunchScreen.storyboard; sourceTree = "<group>"; };
		F791740526B854B800E7DDCB /* S-LifeInfo.plist */ = {isa = PBXFileReference; lastKnownFileType = text.plist.xml; path = "S-LifeInfo.plist"; sourceTree = "<group>"; };
/* End PBXFileReference section */

/* Begin PBXFrameworksBuildPhase section */
		F79173F126B854B700E7DDCB /* Frameworks */ = {
			isa = PBXFrameworksBuildPhase;
			buildActionMask = 2147483647;
			files = (
				5885E512C3D5AB423C34D225 /* Pods_S_Life.framework in Frameworks */,
			);
			runOnlyForDeploymentPostprocessing = 0;
		};
/* End PBXFrameworksBuildPhase section */

/* Begin PBXGroup section */
		8DD866C378900CC993D67284 /* Pods */ = {
			isa = PBXGroup;
			children = (
				ECC9EFED3F9F77BDD5190B3C /* Pods-S-Life.debug.xcconfig */,
				30C49C689268D730FC6C66D2 /* Pods-S-Life.release.xcconfig */,
			);
			path = Pods;
			sourceTree = "<group>";
		};
		C7BFE3FA2C4F933DE3FEE649 /* Frameworks */ = {
			isa = PBXGroup;
			children = (
				6A499B7645C492E338471A49 /* Pods_S_Life.framework */,
			);
			name = Frameworks;
			sourceTree = "<group>";
		};
		F742C2EA26BC0552001F6DC5 /* Resources */ = {
			isa = PBXGroup;
			children = (
				F742C2F226BC07EC001F6DC5 /* Design */,
				F742C2F026BC07EC001F6DC5 /* Graphics */,
			);
			path = Resources;
			sourceTree = "<group>";
		};
		F742C2EB26BC0552001F6DC5 /* Source */ = {
			isa = PBXGroup;
			children = (
				F79173F726B854B700E7DDCB /* AppDelegate.swift */,
				F742C2ED26BC066C001F6DC5 /* Controllers */,
			);
			path = Source;
			sourceTree = "<group>";
		};
		F742C2EC26BC0552001F6DC5 /* Models */ = {
			isa = PBXGroup;
			children = (
				F742C2C926BBFE1B001F6DC5 /* S-Life.xcdatamodeld */,
			);
			path = Models;
			sourceTree = "<group>";
		};
		F742C2ED26BC066C001F6DC5 /* Controllers */ = {
			isa = PBXGroup;
			children = (
				F79173FB26B854B700E7DDCB /* ViewController.swift */,
			);
			path = Controllers;
			sourceTree = "<group>";
		};
		F742C2F026BC07EC001F6DC5 /* Graphics */ = {
			isa = PBXGroup;
			children = (
				F791740026B854B800E7DDCB /* Assets.xcassets */,
			);
			path = Graphics;
			sourceTree = "<group>";
		};
		F742C2F126BC07EC001F6DC5 /* Launch */ = {
			isa = PBXGroup;
			children = (
				F791740226B854B800E7DDCB /* LaunchScreen.storyboard */,
			);
			path = Launch;
			sourceTree = "<group>";
		};
		F742C2F226BC07EC001F6DC5 /* Design */ = {
			isa = PBXGroup;
			children = (
				F79173FD26B854B700E7DDCB /* Main.storyboard */,
				F742C2F126BC07EC001F6DC5 /* Launch */,
			);
			path = Design;
			sourceTree = "<group>";
		};
		F742C2F326BC0843001F6DC5 /* Configuration */ = {
			isa = PBXGroup;
			children = (
				F791740526B854B800E7DDCB /* S-LifeInfo.plist */,
			);
			path = Configuration;
			sourceTree = "<group>";
		};
		F79173EB26B854B700E7DDCB = {
			isa = PBXGroup;
			children = (
				F79173F626B854B700E7DDCB /* S-Life */,
				F79173F526B854B700E7DDCB /* Products */,
				8DD866C378900CC993D67284 /* Pods */,
				C7BFE3FA2C4F933DE3FEE649 /* Frameworks */,
			);
			sourceTree = "<group>";
		};
		F79173F526B854B700E7DDCB /* Products */ = {
			isa = PBXGroup;
			children = (
				F79173F426B854B700E7DDCB /* S-Life.app */,
			);
			name = Products;
			sourceTree = "<group>";
		};
		F79173F626B854B700E7DDCB /* S-Life */ = {
			isa = PBXGroup;
			children = (
				F742C2F326BC0843001F6DC5 /* Configuration */,
				F742C2EC26BC0552001F6DC5 /* Models */,
				F742C2EA26BC0552001F6DC5 /* Resources */,
				F742C2EB26BC0552001F6DC5 /* Source */,
			);
			path = "S-Life";
			sourceTree = "<group>";
		};
/* End PBXGroup section */

/* Begin PBXNativeTarget section */
		F79173F326B854B700E7DDCB /* S-Life */ = {
			isa = PBXNativeTarget;
			buildConfigurationList = F791740826B854B800E7DDCB /* Build configuration list for PBXNativeTarget "S-Life" */;
			buildPhases = (
				7698DF6A3A68A4510E111E85 /* [CP] Check Pods Manifest.lock */,
				F79173F026B854B700E7DDCB /* Sources */,
				F79173F126B854B700E7DDCB /* Frameworks */,
				F79173F226B854B700E7DDCB /* Resources */,
				1D0E934D772FE9E641036998 /* [CP] Embed Pods Frameworks */,
			);
			buildRules = (
			);
			dependencies = (
			);
			name = "S-Life";
			productName = "S-Life";
			productReference = F79173F426B854B700E7DDCB /* S-Life.app */;
			productType = "com.apple.product-type.application";
		};
/* End PBXNativeTarget section */

/* Begin PBXProject section */
		F79173EC26B854B700E7DDCB /* Project object */ = {
			isa = PBXProject;
			attributes = {
				LastSwiftUpdateCheck = 1250;
				LastUpgradeCheck = 1250;
				TargetAttributes = {
					F79173F326B854B700E7DDCB = {
						CreatedOnToolsVersion = 12.5.1;
					};
				};
			};
			buildConfigurationList = F79173EF26B854B700E7DDCB /* Build configuration list for PBXProject "S-Life" */;
			compatibilityVersion = "Xcode 9.3";
			developmentRegion = en;
			hasScannedForEncodings = 0;
			knownRegions = (
				en,
				Base,
			);
			mainGroup = F79173EB26B854B700E7DDCB;
			productRefGroup = F79173F526B854B700E7DDCB /* Products */;
			projectDirPath = "";
			projectRoot = "";
			targets = (
				F79173F326B854B700E7DDCB /* S-Life */,
			);
		};
/* End PBXProject section */

/* Begin PBXResourcesBuildPhase section */
		F79173F226B854B700E7DDCB /* Resources */ = {
			isa = PBXResourcesBuildPhase;
			buildActionMask = 2147483647;
			files = (
				F791740426B854B800E7DDCB /* LaunchScreen.storyboard in Resources */,
				F791740126B854B800E7DDCB /* Assets.xcassets in Resources */,
				F79173FF26B854B700E7DDCB /* Main.storyboard in Resources */,
			);
			runOnlyForDeploymentPostprocessing = 0;
		};
/* End PBXResourcesBuildPhase section */

/* Begin PBXShellScriptBuildPhase section */
		1D0E934D772FE9E641036998 /* [CP] Embed Pods Frameworks */ = {
			isa = PBXShellScriptBuildPhase;
			buildActionMask = 2147483647;
			files = (
			);
			inputFileListPaths = (
				"${PODS_ROOT}/Target Support Files/Pods-S-Life/Pods-S-Life-frameworks-${CONFIGURATION}-input-files.xcfilelist",
			);
			name = "[CP] Embed Pods Frameworks";
			outputFileListPaths = (
				"${PODS_ROOT}/Target Support Files/Pods-S-Life/Pods-S-Life-frameworks-${CONFIGURATION}-output-files.xcfilelist",
			);
			runOnlyForDeploymentPostprocessing = 0;
			shellPath = /bin/sh;
			shellScript = "\"${PODS_ROOT}/Target Support Files/Pods-S-Life/Pods-S-Life-frameworks.sh\"\n";
			showEnvVarsInLog = 0;
		};
		7698DF6A3A68A4510E111E85 /* [CP] Check Pods Manifest.lock */ = {
			isa = PBXShellScriptBuildPhase;
			buildActionMask = 2147483647;
			files = (
			);
			inputFileListPaths = (
			);
			inputPaths = (
				"${PODS_PODFILE_DIR_PATH}/Podfile.lock",
				"${PODS_ROOT}/Manifest.lock",
			);
			name = "[CP] Check Pods Manifest.lock";
			outputFileListPaths = (
			);
			outputPaths = (
				"$(DERIVED_FILE_DIR)/Pods-S-Life-checkManifestLockResult.txt",
			);
			runOnlyForDeploymentPostprocessing = 0;
			shellPath = /bin/sh;
			shellScript = "diff \"${PODS_PODFILE_DIR_PATH}/Podfile.lock\" \"${PODS_ROOT}/Manifest.lock\" > /dev/null\nif [ $? != 0 ] ; then\n    # print error to STDERR\n    echo \"error: The sandbox is not in sync with the Podfile.lock. Run 'pod install' or update your CocoaPods installation.\" >&2\n    exit 1\nfi\n# This output is used by Xcode 'outputs' to avoid re-running this script phase.\necho \"SUCCESS\" > \"${SCRIPT_OUTPUT_FILE_0}\"\n";
			showEnvVarsInLog = 0;
		};
/* End PBXShellScriptBuildPhase section */

/* Begin PBXSourcesBuildPhase section */
		F79173F026B854B700E7DDCB /* Sources */ = {
			isa = PBXSourcesBuildPhase;
			buildActionMask = 2147483647;
			files = (
				F742C2CB26BBFE1B001F6DC5 /* S-Life.xcdatamodeld in Sources */,
				F79173FC26B854B700E7DDCB /* ViewController.swift in Sources */,
				F79173F826B854B700E7DDCB /* AppDelegate.swift in Sources */,
			);
			runOnlyForDeploymentPostprocessing = 0;
		};
/* End PBXSourcesBuildPhase section */

/* Begin PBXVariantGroup section */
		F79173FD26B854B700E7DDCB /* Main.storyboard */ = {
			isa = PBXVariantGroup;
			children = (
				F79173FE26B854B700E7DDCB /* Base */,
			);
			name = Main.storyboard;
			sourceTree = "<group>";
		};
		F791740226B854B800E7DDCB /* LaunchScreen.storyboard */ = {
			isa = PBXVariantGroup;
			children = (
				F791740326B854B800E7DDCB /* Base */,
			);
			name = LaunchScreen.storyboard;
			sourceTree = "<group>";
		};
/* End PBXVariantGroup section */

/* Begin XCBuildConfiguration section */
		F791740626B854B800E7DDCB /* Debug */ = {
			isa = XCBuildConfiguration;
			buildSettings = {
				ALWAYS_SEARCH_USER_PATHS = NO;
				CLANG_ANALYZER_NONNULL = YES;
				CLANG_ANALYZER_NUMBER_OBJECT_CONVERSION = YES_AGGRESSIVE;
				CLANG_CXX_LANGUAGE_STANDARD = "gnu++14";
				CLANG_CXX_LIBRARY = "libc++";
				CLANG_ENABLE_MODULES = YES;
				CLANG_ENABLE_OBJC_ARC = YES;
				CLANG_ENABLE_OBJC_WEAK = YES;
				CLANG_WARN_BLOCK_CAPTURE_AUTORELEASING = YES;
				CLANG_WARN_BOOL_CONVERSION = YES;
				CLANG_WARN_COMMA = YES;
				CLANG_WARN_CONSTANT_CONVERSION = YES;
				CLANG_WARN_DEPRECATED_OBJC_IMPLEMENTATIONS = YES;
				CLANG_WARN_DIRECT_OBJC_ISA_USAGE = YES_ERROR;
				CLANG_WARN_DOCUMENTATION_COMMENTS = YES;
				CLANG_WARN_EMPTY_BODY = YES;
				CLANG_WARN_ENUM_CONVERSION = YES;
				CLANG_WARN_INFINITE_RECURSION = YES;
				CLANG_WARN_INT_CONVERSION = YES;
				CLANG_WARN_NON_LITERAL_NULL_CONVERSION = YES;
				CLANG_WARN_OBJC_IMPLICIT_RETAIN_SELF = YES;
				CLANG_WARN_OBJC_LITERAL_CONVERSION = YES;
				CLANG_WARN_OBJC_ROOT_CLASS = YES_ERROR;
				CLANG_WARN_QUOTED_INCLUDE_IN_FRAMEWORK_HEADER = YES;
				CLANG_WARN_RANGE_LOOP_ANALYSIS = YES;
				CLANG_WARN_STRICT_PROTOTYPES = YES;
				CLANG_WARN_SUSPICIOUS_MOVE = YES;
				CLANG_WARN_UNGUARDED_AVAILABILITY = YES_AGGRESSIVE;
				CLANG_WARN_UNREACHABLE_CODE = YES;
				CLANG_WARN__DUPLICATE_METHOD_MATCH = YES;
				COPY_PHASE_STRIP = NO;
				DEBUG_INFORMATION_FORMAT = dwarf;
				ENABLE_STRICT_OBJC_MSGSEND = YES;
				ENABLE_TESTABILITY = YES;
				GCC_C_LANGUAGE_STANDARD = gnu11;
				GCC_DYNAMIC_NO_PIC = NO;
				GCC_NO_COMMON_BLOCKS = YES;
				GCC_OPTIMIZATION_LEVEL = 0;
				GCC_PREPROCESSOR_DEFINITIONS = (
					"DEBUG=1",
					"$(inherited)",
				);
				GCC_WARN_64_TO_32_BIT_CONVERSION = YES;
				GCC_WARN_ABOUT_RETURN_TYPE = YES_ERROR;
				GCC_WARN_UNDECLARED_SELECTOR = YES;
				GCC_WARN_UNINITIALIZED_AUTOS = YES_AGGRESSIVE;
				GCC_WARN_UNUSED_FUNCTION = YES;
				GCC_WARN_UNUSED_VARIABLE = YES;
				IPHONEOS_DEPLOYMENT_TARGET = 14.5;
				MTL_ENABLE_DEBUG_INFO = INCLUDE_SOURCE;
				MTL_FAST_MATH = YES;
				ONLY_ACTIVE_ARCH = YES;
				SDKROOT = iphoneos;
				SWIFT_ACTIVE_COMPILATION_CONDITIONS = DEBUG;
				SWIFT_OPTIMIZATION_LEVEL = "-Onone";
			};
			name = Debug;
		};
		F791740726B854B800E7DDCB /* Release */ = {
			isa = XCBuildConfiguration;
			buildSettings = {
				ALWAYS_SEARCH_USER_PATHS = NO;
				CLANG_ANALYZER_NONNULL = YES;
				CLANG_ANALYZER_NUMBER_OBJECT_CONVERSION = YES_AGGRESSIVE;
				CLANG_CXX_LANGUAGE_STANDARD = "gnu++14";
				CLANG_CXX_LIBRARY = "libc++";
				CLANG_ENABLE_MODULES = YES;
				CLANG_ENABLE_OBJC_ARC = YES;
				CLANG_ENABLE_OBJC_WEAK = YES;
				CLANG_WARN_BLOCK_CAPTURE_AUTORELEASING = YES;
				CLANG_WARN_BOOL_CONVERSION = YES;
				CLANG_WARN_COMMA = YES;
				CLANG_WARN_CONSTANT_CONVERSION = YES;
				CLANG_WARN_DEPRECATED_OBJC_IMPLEMENTATIONS = YES;
				CLANG_WARN_DIRECT_OBJC_ISA_USAGE = YES_ERROR;
				CLANG_WARN_DOCUMENTATION_COMMENTS = YES;
				CLANG_WARN_EMPTY_BODY = YES;
				CLANG_WARN_ENUM_CONVERSION = YES;
				CLANG_WARN_INFINITE_RECURSION = YES;
				CLANG_WARN_INT_CONVERSION = YES;
				CLANG_WARN_NON_LITERAL_NULL_CONVERSION = YES;
				CLANG_WARN_OBJC_IMPLICIT_RETAIN_SELF = YES;
				CLANG_WARN_OBJC_LITERAL_CONVERSION = YES;
				CLANG_WARN_OBJC_ROOT_CLASS = YES_ERROR;
				CLANG_WARN_QUOTED_INCLUDE_IN_FRAMEWORK_HEADER = YES;
				CLANG_WARN_RANGE_LOOP_ANALYSIS = YES;
				CLANG_WARN_STRICT_PROTOTYPES = YES;
				CLANG_WARN_SUSPICIOUS_MOVE = YES;
				CLANG_WARN_UNGUARDED_AVAILABILITY = YES_AGGRESSIVE;
				CLANG_WARN_UNREACHABLE_CODE = YES;
				CLANG_WARN__DUPLICATE_METHOD_MATCH = YES;
				COPY_PHASE_STRIP = NO;
				DEBUG_INFORMATION_FORMAT = "dwarf-with-dsym";
				ENABLE_NS_ASSERTIONS = NO;
				ENABLE_STRICT_OBJC_MSGSEND = YES;
				GCC_C_LANGUAGE_STANDARD = gnu11;
				GCC_NO_COMMON_BLOCKS = YES;
				GCC_WARN_64_TO_32_BIT_CONVERSION = YES;
				GCC_WARN_ABOUT_RETURN_TYPE = YES_ERROR;
				GCC_WARN_UNDECLARED_SELECTOR = YES;
				GCC_WARN_UNINITIALIZED_AUTOS = YES_AGGRESSIVE;
				GCC_WARN_UNUSED_FUNCTION = YES;
				GCC_WARN_UNUSED_VARIABLE = YES;
				IPHONEOS_DEPLOYMENT_TARGET = 14.5;
				MTL_ENABLE_DEBUG_INFO = NO;
				MTL_FAST_MATH = YES;
				SDKROOT = iphoneos;
				SWIFT_COMPILATION_MODE = wholemodule;
				SWIFT_OPTIMIZATION_LEVEL = "-O";
				VALIDATE_PRODUCT = YES;
			};
			name = Release;
		};
		F791740926B854B800E7DDCB /* Debug */ = {
			isa = XCBuildConfiguration;
			baseConfigurationReference = ECC9EFED3F9F77BDD5190B3C /* Pods-S-Life.debug.xcconfig */;
			buildSettings = {
				ASSETCATALOG_COMPILER_APPICON_NAME = AppIcon;
				ASSETCATALOG_COMPILER_GLOBAL_ACCENT_COLOR_NAME = AccentColor;
				CODE_SIGN_STYLE = Automatic;
				INFOPLIST_FILE = "S-Life/Configuration/S-LifeInfo.plist";
				IPHONEOS_DEPLOYMENT_TARGET = 10.0;
				LD_RUNPATH_SEARCH_PATHS = (
					"$(inherited)",
					"@executable_path/Frameworks",
				);
				PRODUCT_BUNDLE_IDENTIFIER = "mobiapps.S-Life";
				PRODUCT_NAME = "$(TARGET_NAME)";
				SWIFT_VERSION = 5.0;
				TARGETED_DEVICE_FAMILY = "1,2";
			};
			name = Debug;
		};
		F791740A26B854B800E7DDCB /* Release */ = {
			isa = XCBuildConfiguration;
			baseConfigurationReference = 30C49C689268D730FC6C66D2 /* Pods-S-Life.release.xcconfig */;
			buildSettings = {
				ASSETCATALOG_COMPILER_APPICON_NAME = AppIcon;
				ASSETCATALOG_COMPILER_GLOBAL_ACCENT_COLOR_NAME = AccentColor;
				CODE_SIGN_STYLE = Automatic;
				INFOPLIST_FILE = "S-Life/Configuration/S-LifeInfo.plist";
				IPHONEOS_DEPLOYMENT_TARGET = 10.0;
				LD_RUNPATH_SEARCH_PATHS = (
					"$(inherited)",
					"@executable_path/Frameworks",
				);
				PRODUCT_BUNDLE_IDENTIFIER = "mobiapps.S-Life";
				PRODUCT_NAME = "$(TARGET_NAME)";
				SWIFT_VERSION = 5.0;
				TARGETED_DEVICE_FAMILY = "1,2";
			};
			name = Release;
		};
/* End XCBuildConfiguration section */

/* Begin XCConfigurationList section */
		F79173EF26B854B700E7DDCB /* Build configuration list for PBXProject "S-Life" */ = {
			isa = XCConfigurationList;
			buildConfigurations = (
				F791740626B854B800E7DDCB /* Debug */,
				F791740726B854B800E7DDCB /* Release */,
			);
			defaultConfigurationIsVisible = 0;
			defaultConfigurationName = Release;
		};
		F791740826B854B800E7DDCB /* Build configuration list for PBXNativeTarget "S-Life" */ = {
			isa = XCConfigurationList;
			buildConfigurations = (
				F791740926B854B800E7DDCB /* Debug */,
				F791740A26B854B800E7DDCB /* Release */,
			);
			defaultConfigurationIsVisible = 0;
			defaultConfigurationName = Release;
		};
/* End XCConfigurationList section */

/* Begin XCVersionGroup section */
		F742C2C926BBFE1B001F6DC5 /* S-Life.xcdatamodeld */ = {
			isa = XCVersionGroup;
			children = (
				F742C2CA26BBFE1B001F6DC5 /* S-Life.xcdatamodel */,
			);
			currentVersion = F742C2CA26BBFE1B001F6DC5 /* S-Life.xcdatamodel */;
			path = "S-Life.xcdatamodeld";
			sourceTree = "<group>";
			versionGroupType = wrapper.xcdatamodel;
		};
/* End XCVersionGroup section */
	};
	rootObject = F79173EC26B854B700E7DDCB /* Project object */;
}
